// !$*UTF8*$!
{
	archiveVersion = 1;
	classes = {
	};
	objectVersion = 77;
	objects = {

/* Begin PBXContainerItemProxy section */
		1CEC79522D6CCEB900B57985 /* PBXContainerItemProxy */ = {
			isa = PBXContainerItemProxy;
			containerPortal = 1CEC79372D6CCEB600B57985 /* Project object */;
			proxyType = 1;
			remoteGlobalIDString = 1CEC793E2D6CCEB600B57985;
			remoteInfo = smartShop;
		};
		1CEC795C2D6CCEB900B57985 /* PBXContainerItemProxy */ = {
			isa = PBXContainerItemProxy;
			containerPortal = 1CEC79372D6CCEB600B57985 /* Project object */;
			proxyType = 1;
			remoteGlobalIDString = 1CEC793E2D6CCEB600B57985;
			remoteInfo = smartShop;
		};
/* End PBXContainerItemProxy section */

/* Begin PBXFileReference section */
		1CEC793F2D6CCEB600B57985 /* smartShop.app */ = {isa = PBXFileReference; explicitFileType = wrapper.application; includeInIndex = 0; path = smartShop.app; sourceTree = BUILT_PRODUCTS_DIR; };
		1CEC79512D6CCEB900B57985 /* smartShopTests.xctest */ = {isa = PBXFileReference; explicitFileType = wrapper.cfbundle; includeInIndex = 0; path = smartShopTests.xctest; sourceTree = BUILT_PRODUCTS_DIR; };
		1CEC795B2D6CCEB900B57985 /* smartShopUITests.xctest */ = {isa = PBXFileReference; explicitFileType = wrapper.cfbundle; includeInIndex = 0; path = smartShopUITests.xctest; sourceTree = BUILT_PRODUCTS_DIR; };
/* End PBXFileReference section */

/* Begin PBXFileSystemSynchronizedRootGroup section */
		1CEC79412D6CCEB600B57985 /* smartShop */ = {
			isa = PBXFileSystemSynchronizedRootGroup;
			path = smartShop;
			sourceTree = "<group>";
		};
		1CEC79542D6CCEB900B57985 /* smartShopTests */ = {
			isa = PBXFileSystemSynchronizedRootGroup;
			path = smartShopTests;
			sourceTree = "<group>";
		};
		1CEC795E2D6CCEB900B57985 /* smartShopUITests */ = {
			isa = PBXFileSystemSynchronizedRootGroup;
			path = smartShopUITests;
			sourceTree = "<group>";
		};
/* End PBXFileSystemSynchronizedRootGroup section */

/* Begin PBXFrameworksBuildPhase section */
		1CEC793C2D6CCEB600B57985 /* Frameworks */ = {
			isa = PBXFrameworksBuildPhase;
			buildActionMask = 2147483647;
			files = (
			);
			runOnlyForDeploymentPostprocessing = 0;
		};
		1CEC794E2D6CCEB900B57985 /* Frameworks */ = {
			isa = PBXFrameworksBuildPhase;
			buildActionMask = 2147483647;
			files = (
			);
			runOnlyForDeploymentPostprocessing = 0;
		};
		1CEC79582D6CCEB900B57985 /* Frameworks */ = {
			isa = PBXFrameworksBuildPhase;
			buildActionMask = 2147483647;
			files = (
			);
			runOnlyForDeploymentPostprocessing = 0;
		};
/* End PBXFrameworksBuildPhase section */

/* Begin PBXGroup section */
		1CEC79362D6CCEB600B57985 = {
			isa = PBXGroup;
			children = (
				1CEC79412D6CCEB600B57985 /* smartShop */,
				1CEC79542D6CCEB900B57985 /* smartShopTests */,
				1CEC795E2D6CCEB900B57985 /* smartShopUITests */,
				1CEC79402D6CCEB600B57985 /* Products */,
			);
			sourceTree = "<group>";
		};
		1CEC79402D6CCEB600B57985 /* Products */ = {
			isa = PBXGroup;
			children = (
				1CEC793F2D6CCEB600B57985 /* smartShop.app */,
				1CEC79512D6CCEB900B57985 /* smartShopTests.xctest */,
				1CEC795B2D6CCEB900B57985 /* smartShopUITests.xctest */,
			);
			name = Products;
			sourceTree = "<group>";
		};
/* End PBXGroup section */

/* Begin PBXNativeTarget section */
		1CEC793E2D6CCEB600B57985 /* smartShop */ = {
			isa = PBXNativeTarget;
			buildConfigurationList = 1CEC79652D6CCEB900B57985 /* Build configuration list for PBXNativeTarget "smartShop" */;
			buildPhases = (
				1CEC793B2D6CCEB600B57985 /* Sources */,
				1CEC793C2D6CCEB600B57985 /* Frameworks */,
				1CEC793D2D6CCEB600B57985 /* Resources */,
			);
			buildRules = (
			);
			dependencies = (
			);
			fileSystemSynchronizedGroups = (
				1CEC79412D6CCEB600B57985 /* smartShop */,
			);
			name = smartShop;
			packageProductDependencies = (
			);
			productName = smartShop;
			productReference = 1CEC793F2D6CCEB600B57985 /* smartShop.app */;
			productType = "com.apple.product-type.application";
		};
		1CEC79502D6CCEB900B57985 /* smartShopTests */ = {
			isa = PBXNativeTarget;
			buildConfigurationList = 1CEC79682D6CCEB900B57985 /* Build configuration list for PBXNativeTarget "smartShopTests" */;
			buildPhases = (
				1CEC794D2D6CCEB900B57985 /* Sources */,
				1CEC794E2D6CCEB900B57985 /* Frameworks */,
				1CEC794F2D6CCEB900B57985 /* Resources */,
			);
			buildRules = (
			);
			dependencies = (
				1CEC79532D6CCEB900B57985 /* PBXTargetDependency */,
			);
			fileSystemSynchronizedGroups = (
				1CEC79542D6CCEB900B57985 /* smartShopTests */,
			);
			name = smartShopTests;
			packageProductDependencies = (
			);
			productName = smartShopTests;
			productReference = 1CEC79512D6CCEB900B57985 /* smartShopTests.xctest */;
			productType = "com.apple.product-type.bundle.unit-test";
		};
		1CEC795A2D6CCEB900B57985 /* smartShopUITests */ = {
			isa = PBXNativeTarget;
			buildConfigurationList = 1CEC796B2D6CCEB900B57985 /* Build configuration list for PBXNativeTarget "smartShopUITests" */;
			buildPhases = (
				1CEC79572D6CCEB900B57985 /* Sources */,
				1CEC79582D6CCEB900B57985 /* Frameworks */,
				1CEC79592D6CCEB900B57985 /* Resources */,
			);
			buildRules = (
			);
			dependencies = (
				1CEC795D2D6CCEB900B57985 /* PBXTargetDependency */,
			);
			fileSystemSynchronizedGroups = (
				1CEC795E2D6CCEB900B57985 /* smartShopUITests */,
			);
			name = smartShopUITests;
			packageProductDependencies = (
			);
			productName = smartShopUITests;
			productReference = 1CEC795B2D6CCEB900B57985 /* smartShopUITests.xctest */;
			productType = "com.apple.product-type.bundle.ui-testing";
		};
/* End PBXNativeTarget section */

/* Begin PBXProject section */
		1CEC79372D6CCEB600B57985 /* Project object */ = {
			isa = PBXProject;
			attributes = {
				BuildIndependentTargetsInParallel = 1;
				LastSwiftUpdateCheck = 1620;
				LastUpgradeCheck = 1620;
				TargetAttributes = {
					1CEC793E2D6CCEB600B57985 = {
						CreatedOnToolsVersion = 16.2;
					};
					1CEC79502D6CCEB900B57985 = {
						CreatedOnToolsVersion = 16.2;
						TestTargetID = 1CEC793E2D6CCEB600B57985;
					};
					1CEC795A2D6CCEB900B57985 = {
						CreatedOnToolsVersion = 16.2;
						TestTargetID = 1CEC793E2D6CCEB600B57985;
					};
				};
			};
			buildConfigurationList = 1CEC793A2D6CCEB600B57985 /* Build configuration list for PBXProject "smartShop" */;
			developmentRegion = en;
			hasScannedForEncodings = 0;
			knownRegions = (
				en,
				Base,
			);
			mainGroup = 1CEC79362D6CCEB600B57985;
			minimizedProjectReferenceProxies = 1;
			preferredProjectObjectVersion = 77;
			productRefGroup = 1CEC79402D6CCEB600B57985 /* Products */;
			projectDirPath = "";
			projectRoot = "";
			targets = (
				1CEC793E2D6CCEB600B57985 /* smartShop */,
				1CEC79502D6CCEB900B57985 /* smartShopTests */,
				1CEC795A2D6CCEB900B57985 /* smartShopUITests */,
			);
		};
/* End PBXProject section */

/* Begin PBXResourcesBuildPhase section */
		1CEC793D2D6CCEB600B57985 /* Resources */ = {
			isa = PBXResourcesBuildPhase;
			buildActionMask = 2147483647;
			files = (
			);
			runOnlyForDeploymentPostprocessing = 0;
		};
		1CEC794F2D6CCEB900B57985 /* Resources */ = {
			isa = PBXResourcesBuildPhase;
			buildActionMask = 2147483647;
			files = (
			);
			runOnlyForDeploymentPostprocessing = 0;
		};
		1CEC79592D6CCEB900B57985 /* Resources */ = {
			isa = PBXResourcesBuildPhase;
			buildActionMask = 2147483647;
			files = (
			);
			runOnlyForDeploymentPostprocessing = 0;
		};
/* End PBXResourcesBuildPhase section */

/* Begin PBXSourcesBuildPhase section */
		1CEC793B2D6CCEB600B57985 /* Sources */ = {
			isa = PBXSourcesBuildPhase;
			buildActionMask = 2147483647;
			files = (
			);
			runOnlyForDeploymentPostprocessing = 0;
		};
		1CEC794D2D6CCEB900B57985 /* Sources */ = {
			isa = PBXSourcesBuildPhase;
			buildActionMask = 2147483647;
			files = (
			);
			runOnlyForDeploymentPostprocessing = 0;
		};
		1CEC79572D6CCEB900B57985 /* Sources */ = {
			isa = PBXSourcesBuildPhase;
			buildActionMask = 2147483647;
			files = (
			);
			runOnlyForDeploymentPostprocessing = 0;
		};
/* End PBXSourcesBuildPhase section */

/* Begin PBXTargetDependency section */
		1CEC79532D6CCEB900B57985 /* PBXTargetDependency */ = {
			isa = PBXTargetDependency;
			target = 1CEC793E2D6CCEB600B57985 /* smartShop */;
			targetProxy = 1CEC79522D6CCEB900B57985 /* PBXContainerItemProxy */;
		};
		1CEC795D2D6CCEB900B57985 /* PBXTargetDependency */ = {
			isa = PBXTargetDependency;
			target = 1CEC793E2D6CCEB600B57985 /* smartShop */;
			targetProxy = 1CEC795C2D6CCEB900B57985 /* PBXContainerItemProxy */;
		};
/* End PBXTargetDependency section */

/* Begin XCBuildConfiguration section */
		1CEC79632D6CCEB900B57985 /* Debug */ = {
			isa = XCBuildConfiguration;
			buildSettings = {
				ALWAYS_SEARCH_USER_PATHS = NO;
				ASSETCATALOG_COMPILER_GENERATE_SWIFT_ASSET_SYMBOL_EXTENSIONS = YES;
				CLANG_ANALYZER_NONNULL = YES;
				CLANG_ANALYZER_NUMBER_OBJECT_CONVERSION = YES_AGGRESSIVE;
				CLANG_CXX_LANGUAGE_STANDARD = "gnu++20";
				CLANG_ENABLE_MODULES = YES;
				CLANG_ENABLE_OBJC_ARC = YES;
				CLANG_ENABLE_OBJC_WEAK = YES;
				CLANG_WARN_BLOCK_CAPTURE_AUTORELEASING = YES;
				CLANG_WARN_BOOL_CONVERSION = YES;
				CLANG_WARN_COMMA = YES;
				CLANG_WARN_CONSTANT_CONVERSION = YES;
				CLANG_WARN_DEPRECATED_OBJC_IMPLEMENTATIONS = YES;
				CLANG_WARN_DIRECT_OBJC_ISA_USAGE = YES_ERROR;
				CLANG_WARN_DOCUMENTATION_COMMENTS = YES;
				CLANG_WARN_EMPTY_BODY = YES;
				CLANG_WARN_ENUM_CONVERSION = YES;
				CLANG_WARN_INFINITE_RECURSION = YES;
				CLANG_WARN_INT_CONVERSION = YES;
				CLANG_WARN_NON_LITERAL_NULL_CONVERSION = YES;
				CLANG_WARN_OBJC_IMPLICIT_RETAIN_SELF = YES;
				CLANG_WARN_OBJC_LITERAL_CONVERSION = YES;
				CLANG_WARN_OBJC_ROOT_CLASS = YES_ERROR;
				CLANG_WARN_QUOTED_INCLUDE_IN_FRAMEWORK_HEADER = YES;
				CLANG_WARN_RANGE_LOOP_ANALYSIS = YES;
				CLANG_WARN_STRICT_PROTOTYPES = YES;
				CLANG_WARN_SUSPICIOUS_MOVE = YES;
				CLANG_WARN_UNGUARDED_AVAILABILITY = YES_AGGRESSIVE;
				CLANG_WARN_UNREACHABLE_CODE = YES;
				CLANG_WARN__DUPLICATE_METHOD_MATCH = YES;
				COPY_PHASE_STRIP = NO;
				DEBUG_INFORMATION_FORMAT = dwarf;
				ENABLE_STRICT_OBJC_MSGSEND = YES;
				ENABLE_TESTABILITY = YES;
				ENABLE_USER_SCRIPT_SANDBOXING = YES;
				GCC_C_LANGUAGE_STANDARD = gnu17;
				GCC_DYNAMIC_NO_PIC = NO;
				GCC_NO_COMMON_BLOCKS = YES;
				GCC_OPTIMIZATION_LEVEL = 0;
				GCC_PREPROCESSOR_DEFINITIONS = (
					"DEBUG=1",
					"$(inherited)",
				);
				GCC_WARN_64_TO_32_BIT_CONVERSION = YES;
				GCC_WARN_ABOUT_RETURN_TYPE = YES_ERROR;
				GCC_WARN_UNDECLARED_SELECTOR = YES;
				GCC_WARN_UNINITIALIZED_AUTOS = YES_AGGRESSIVE;
				GCC_WARN_UNUSED_FUNCTION = YES;
				GCC_WARN_UNUSED_VARIABLE = YES;
				IPHONEOS_DEPLOYMENT_TARGET = 18.2;
				LOCALIZATION_PREFERS_STRING_CATALOGS = YES;
				MTL_ENABLE_DEBUG_INFO = INCLUDE_SOURCE;
				MTL_FAST_MATH = YES;
				ONLY_ACTIVE_ARCH = YES;
				SDKROOT = iphoneos;
				SWIFT_ACTIVE_COMPILATION_CONDITIONS = "DEBUG $(inherited)";
				SWIFT_OPTIMIZATION_LEVEL = "-Onone";
			};
			name = Debug;
		};
		1CEC79642D6CCEB900B57985 /* Release */ = {
			isa = XCBuildConfiguration;
			buildSettings = {
				ALWAYS_SEARCH_USER_PATHS = NO;
				ASSETCATALOG_COMPILER_GENERATE_SWIFT_ASSET_SYMBOL_EXTENSIONS = YES;
				CLANG_ANALYZER_NONNULL = YES;
				CLANG_ANALYZER_NUMBER_OBJECT_CONVERSION = YES_AGGRESSIVE;
				CLANG_CXX_LANGUAGE_STANDARD = "gnu++20";
				CLANG_ENABLE_MODULES = YES;
				CLANG_ENABLE_OBJC_ARC = YES;
				CLANG_ENABLE_OBJC_WEAK = YES;
				CLANG_WARN_BLOCK_CAPTURE_AUTORELEASING = YES;
				CLANG_WARN_BOOL_CONVERSION = YES;
				CLANG_WARN_COMMA = YES;
				CLANG_WARN_CONSTANT_CONVERSION = YES;
				CLANG_WARN_DEPRECATED_OBJC_IMPLEMENTATIONS = YES;
				CLANG_WARN_DIRECT_OBJC_ISA_USAGE = YES_ERROR;
				CLANG_WARN_DOCUMENTATION_COMMENTS = YES;
				CLANG_WARN_EMPTY_BODY = YES;
				CLANG_WARN_ENUM_CONVERSION = YES;
				CLANG_WARN_INFINITE_RECURSION = YES;
				CLANG_WARN_INT_CONVERSION = YES;
				CLANG_WARN_NON_LITERAL_NULL_CONVERSION = YES;
				CLANG_WARN_OBJC_IMPLICIT_RETAIN_SELF = YES;
				CLANG_WARN_OBJC_LITERAL_CONVERSION = YES;
				CLANG_WARN_OBJC_ROOT_CLASS = YES_ERROR;
				CLANG_WARN_QUOTED_INCLUDE_IN_FRAMEWORK_HEADER = YES;
				CLANG_WARN_RANGE_LOOP_ANALYSIS = YES;
				CLANG_WARN_STRICT_PROTOTYPES = YES;
				CLANG_WARN_SUSPICIOUS_MOVE = YES;
				CLANG_WARN_UNGUARDED_AVAILABILITY = YES_AGGRESSIVE;
				CLANG_WARN_UNREACHABLE_CODE = YES;
				CLANG_WARN__DUPLICATE_METHOD_MATCH = YES;
				COPY_PHASE_STRIP = NO;
				DEBUG_INFORMATION_FORMAT = "dwarf-with-dsym";
				ENABLE_NS_ASSERTIONS = NO;
				ENABLE_STRICT_OBJC_MSGSEND = YES;
				ENABLE_USER_SCRIPT_SANDBOXING = YES;
				GCC_C_LANGUAGE_STANDARD = gnu17;
				GCC_NO_COMMON_BLOCKS = YES;
				GCC_WARN_64_TO_32_BIT_CONVERSION = YES;
				GCC_WARN_ABOUT_RETURN_TYPE = YES_ERROR;
				GCC_WARN_UNDECLARED_SELECTOR = YES;
				GCC_WARN_UNINITIALIZED_AUTOS = YES_AGGRESSIVE;
				GCC_WARN_UNUSED_FUNCTION = YES;
				GCC_WARN_UNUSED_VARIABLE = YES;
				IPHONEOS_DEPLOYMENT_TARGET = 18.2;
				LOCALIZATION_PREFERS_STRING_CATALOGS = YES;
				MTL_ENABLE_DEBUG_INFO = NO;
				MTL_FAST_MATH = YES;
				SDKROOT = iphoneos;
				SWIFT_COMPILATION_MODE = wholemodule;
				VALIDATE_PRODUCT = YES;
			};
			name = Release;
		};
		1CEC79662D6CCEB900B57985 /* Debug */ = {
			isa = XCBuildConfiguration;
			buildSettings = {
				ASSETCATALOG_COMPILER_APPICON_NAME = AppIcon;
				ASSETCATALOG_COMPILER_GLOBAL_ACCENT_COLOR_NAME = AccentColor;
				CODE_SIGN_STYLE = Automatic;
				CURRENT_PROJECT_VERSION = 1;
				DEVELOPMENT_ASSET_PATHS = "\"smartShop/Preview Content\"";
				DEVELOPMENT_TEAM = 86C76FU9S9;
				ENABLE_PREVIEWS = YES;
				GENERATE_INFOPLIST_FILE = YES;
				INFOPLIST_KEY_UIApplicationSceneManifest_Generation = YES;
				INFOPLIST_KEY_UIApplicationSupportsIndirectInputEvents = YES;
				INFOPLIST_KEY_UILaunchScreen_Generation = YES;
				INFOPLIST_KEY_UISupportedInterfaceOrientations_iPad = "UIInterfaceOrientationPortrait UIInterfaceOrientationPortraitUpsideDown UIInterfaceOrientationLandscapeLeft UIInterfaceOrientationLandscapeRight";
				INFOPLIST_KEY_UISupportedInterfaceOrientations_iPhone = "UIInterfaceOrientationPortrait UIInterfaceOrientationLandscapeLeft UIInterfaceOrientationLandscapeRight";
				IPHONEOS_DEPLOYMENT_TARGET = 17.0;
				LD_RUNPATH_SEARCH_PATHS = (
					"$(inherited)",
					"@executable_path/Frameworks",
				);
				MARKETING_VERSION = 1.0;
				PRODUCT_BUNDLE_IDENTIFIER = com.adsrastudio.smartshop.smartShop;
				PRODUCT_NAME = "$(TARGET_NAME)";
				SWIFT_EMIT_LOC_STRINGS = YES;
				SWIFT_VERSION = 5.0;
				TARGETED_DEVICE_FAMILY = "1,2";
			};
			name = Debug;
		};
		1CEC79672D6CCEB900B57985 /* Release */ = {
			isa = XCBuildConfiguration;
			buildSettings = {
				ASSETCATALOG_COMPILER_APPICON_NAME = AppIcon;
				ASSETCATALOG_COMPILER_GLOBAL_ACCENT_COLOR_NAME = AccentColor;
				CODE_SIGN_STYLE = Automatic;
				CURRENT_PROJECT_VERSION = 1;
				DEVELOPMENT_ASSET_PATHS = "\"smartShop/Preview Content\"";
				DEVELOPMENT_TEAM = 86C76FU9S9;
				ENABLE_PREVIEWS = YES;
				GENERATE_INFOPLIST_FILE = YES;
				INFOPLIST_KEY_UIApplicationSceneManifest_Generation = YES;
				INFOPLIST_KEY_UIApplicationSupportsIndirectInputEvents = YES;
				INFOPLIST_KEY_UILaunchScreen_Generation = YES;
				INFOPLIST_KEY_UISupportedInterfaceOrientations_iPad = "UIInterfaceOrientationPortrait UIInterfaceOrientationPortraitUpsideDown UIInterfaceOrientationLandscapeLeft UIInterfaceOrientationLandscapeRight";
				INFOPLIST_KEY_UISupportedInterfaceOrientations_iPhone = "UIInterfaceOrientationPortrait UIInterfaceOrientationLandscapeLeft UIInterfaceOrientationLandscapeRight";
				IPHONEOS_DEPLOYMENT_TARGET = 17.0;
				LD_RUNPATH_SEARCH_PATHS = (
					"$(inherited)",
					"@executable_path/Frameworks",
				);
				MARKETING_VERSION = 1.0;
				PRODUCT_BUNDLE_IDENTIFIER = com.adsrastudio.smartshop.smartShop;
				PRODUCT_NAME = "$(TARGET_NAME)";
				SWIFT_EMIT_LOC_STRINGS = YES;
				SWIFT_VERSION = 5.0;
				TARGETED_DEVICE_FAMILY = "1,2";
			};
			name = Release;
		};
		1CEC79692D6CCEB900B57985 /* Debug */ = {
			isa = XCBuildConfiguration;
			buildSettings = {
				BUNDLE_LOADER = "$(TEST_HOST)";
				CODE_SIGN_STYLE = Automatic;
				CURRENT_PROJECT_VERSION = 1;
				GENERATE_INFOPLIST_FILE = YES;
				IPHONEOS_DEPLOYMENT_TARGET = 18.2;
				MARKETING_VERSION = 1.0;
				PRODUCT_BUNDLE_IDENTIFIER = com.adsrastudio.smartshop.smartShopTests;
				PRODUCT_NAME = "$(TARGET_NAME)";
				SWIFT_EMIT_LOC_STRINGS = NO;
				SWIFT_VERSION = 5.0;
				TARGETED_DEVICE_FAMILY = "1,2";
				TEST_HOST = "$(BUILT_PRODUCTS_DIR)/smartShop.app/$(BUNDLE_EXECUTABLE_FOLDER_PATH)/smartShop";
			};
			name = Debug;
		};
		1CEC796A2D6CCEB900B57985 /* Release */ = {
			isa = XCBuildConfiguration;
			buildSettings = {
				BUNDLE_LOADER = "$(TEST_HOST)";
				CODE_SIGN_STYLE = Automatic;
				CURRENT_PROJECT_VERSION = 1;
				GENERATE_INFOPLIST_FILE = YES;
				IPHONEOS_DEPLOYMENT_TARGET = 18.2;
				MARKETING_VERSION = 1.0;
				PRODUCT_BUNDLE_IDENTIFIER = com.adsrastudio.smartshop.smartShopTests;
				PRODUCT_NAME = "$(TARGET_NAME)";
				SWIFT_EMIT_LOC_STRINGS = NO;
				SWIFT_VERSION = 5.0;
				TARGETED_DEVICE_FAMILY = "1,2";
				TEST_HOST = "$(BUILT_PRODUCTS_DIR)/smartShop.app/$(BUNDLE_EXECUTABLE_FOLDER_PATH)/smartShop";
			};
			name = Release;
		};
		1CEC796C2D6CCEB900B57985 /* Debug */ = {
			isa = XCBuildConfiguration;
			buildSettings = {
				CODE_SIGN_STYLE = Automatic;
				CURRENT_PROJECT_VERSION = 1;
				GENERATE_INFOPLIST_FILE = YES;
				MARKETING_VERSION = 1.0;
				PRODUCT_BUNDLE_IDENTIFIER = com.adsrastudio.smartshop.smartShopUITests;
				PRODUCT_NAME = "$(TARGET_NAME)";
				SWIFT_EMIT_LOC_STRINGS = NO;
				SWIFT_VERSION = 5.0;
				TARGETED_DEVICE_FAMILY = "1,2";
				TEST_TARGET_NAME = smartShop;
			};
			name = Debug;
		};
		1CEC796D2D6CCEB900B57985 /* Release */ = {
			isa = XCBuildConfiguration;
			buildSettings = {
				CODE_SIGN_STYLE = Automatic;
				CURRENT_PROJECT_VERSION = 1;
				GENERATE_INFOPLIST_FILE = YES;
				MARKETING_VERSION = 1.0;
				PRODUCT_BUNDLE_IDENTIFIER = com.adsrastudio.smartshop.smartShopUITests;
				PRODUCT_NAME = "$(TARGET_NAME)";
				SWIFT_EMIT_LOC_STRINGS = NO;
				SWIFT_VERSION = 5.0;
				TARGETED_DEVICE_FAMILY = "1,2";
				TEST_TARGET_NAME = smartShop;
			};
			name = Release;
		};
/* End XCBuildConfiguration section */

/* Begin XCConfigurationList section */
		1CEC793A2D6CCEB600B57985 /* Build configuration list for PBXProject "smartShop" */ = {
			isa = XCConfigurationList;
			buildConfigurations = (
				1CEC79632D6CCEB900B57985 /* Debug */,
				1CEC79642D6CCEB900B57985 /* Release */,
			);
			defaultConfigurationIsVisible = 0;
			defaultConfigurationName = Release;
		};
		1CEC79652D6CCEB900B57985 /* Build configuration list for PBXNativeTarget "smartShop" */ = {
			isa = XCConfigurationList;
			buildConfigurations = (
				1CEC79662D6CCEB900B57985 /* Debug */,
				1CEC79672D6CCEB900B57985 /* Release */,
			);
			defaultConfigurationIsVisible = 0;
			defaultConfigurationName = Release;
		};
		1CEC79682D6CCEB900B57985 /* Build configuration list for PBXNativeTarget "smartShopTests" */ = {
			isa = XCConfigurationList;
			buildConfigurations = (
				1CEC79692D6CCEB900B57985 /* Debug */,
				1CEC796A2D6CCEB900B57985 /* Release */,
			);
			defaultConfigurationIsVisible = 0;
			defaultConfigurationName = Release;
		};
		1CEC796B2D6CCEB900B57985 /* Build configuration list for PBXNativeTarget "smartShopUITests" */ = {
			isa = XCConfigurationList;
			buildConfigurations = (
				1CEC796C2D6CCEB900B57985 /* Debug */,
				1CEC796D2D6CCEB900B57985 /* Release */,
			);
			defaultConfigurationIsVisible = 0;
			defaultConfigurationName = Release;
		};
/* End XCConfigurationList section */
	};
	rootObject = 1CEC79372D6CCEB600B57985 /* Project object */;
}
